// !$*UTF8*$!
{
	archiveVersion = 1;
	classes = {
	};
	objectVersion = 46;
	objects = {

/* Begin PBXBuildFile section */
		36ECB8431A7A9E3700B33D23 /* main.m in Sources */ = {isa = PBXBuildFile; fileRef = 36ECB8421A7A9E3700B33D23 /* main.m */; };
		36ECB8461A7A9E3700B33D23 /* AppDelegate.m in Sources */ = {isa = PBXBuildFile; fileRef = 36ECB8451A7A9E3700B33D23 /* AppDelegate.m */; };
		36ECB8491A7A9E3700B33D23 /* ViewController.m in Sources */ = {isa = PBXBuildFile; fileRef = 36ECB8481A7A9E3700B33D23 /* ViewController.m */; };
		36ECB84C1A7A9E3700B33D23 /* Main.storyboard in Resources */ = {isa = PBXBuildFile; fileRef = 36ECB84A1A7A9E3700B33D23 /* Main.storyboard */; };
		36ECB84E1A7A9E3700B33D23 /* Images.xcassets in Resources */ = {isa = PBXBuildFile; fileRef = 36ECB84D1A7A9E3700B33D23 /* Images.xcassets */; };
		36ECB8511A7A9E3700B33D23 /* LaunchScreen.xib in Resources */ = {isa = PBXBuildFile; fileRef = 36ECB84F1A7A9E3700B33D23 /* LaunchScreen.xib */; };
		36ECB85D1A7A9E3700B33D23 /* CalculatorTests.m in Sources */ = {isa = PBXBuildFile; fileRef = 36ECB85C1A7A9E3700B33D23 /* CalculatorTests.m */; };
		36ECB8681A7AB84200B33D23 /* NSObject+CalculatorBrain.m in Sources */ = {isa = PBXBuildFile; fileRef = 36ECB8671A7AB84200B33D23 /* NSObject+CalculatorBrain.m */; };
/* End PBXBuildFile section */

/* Begin PBXContainerItemProxy section */
		36ECB8571A7A9E3700B33D23 /* PBXContainerItemProxy */ = {
			isa = PBXContainerItemProxy;
			containerPortal = 36ECB8351A7A9E3700B33D23 /* Project object */;
			proxyType = 1;
			remoteGlobalIDString = 36ECB83C1A7A9E3700B33D23;
			remoteInfo = Calculator;
		};
/* End PBXContainerItemProxy section */

/* Begin PBXFileReference section */
		36ECB83D1A7A9E3700B33D23 /* Calculator.app */ = {isa = PBXFileReference; explicitFileType = wrapper.application; includeInIndex = 0; path = Calculator.app; sourceTree = BUILT_PRODUCTS_DIR; };
		36ECB8411A7A9E3700B33D23 /* Info.plist */ = {isa = PBXFileReference; lastKnownFileType = text.plist.xml; path = Info.plist; sourceTree = "<group>"; };
		36ECB8421A7A9E3700B33D23 /* main.m */ = {isa = PBXFileReference; lastKnownFileType = sourcecode.c.objc; path = main.m; sourceTree = "<group>"; };
		36ECB8441A7A9E3700B33D23 /* AppDelegate.h */ = {isa = PBXFileReference; lastKnownFileType = sourcecode.c.h; path = AppDelegate.h; sourceTree = "<group>"; };
		36ECB8451A7A9E3700B33D23 /* AppDelegate.m */ = {isa = PBXFileReference; lastKnownFileType = sourcecode.c.objc; path = AppDelegate.m; sourceTree = "<group>"; };
		36ECB8471A7A9E3700B33D23 /* ViewController.h */ = {isa = PBXFileReference; lastKnownFileType = sourcecode.c.h; path = ViewController.h; sourceTree = "<group>"; };
		36ECB8481A7A9E3700B33D23 /* ViewController.m */ = {isa = PBXFileReference; lastKnownFileType = sourcecode.c.objc; path = ViewController.m; sourceTree = "<group>"; };
		36ECB84B1A7A9E3700B33D23 /* Base */ = {isa = PBXFileReference; lastKnownFileType = file.storyboard; name = Base; path = Base.lproj/Main.storyboard; sourceTree = "<group>"; };
		36ECB84D1A7A9E3700B33D23 /* Images.xcassets */ = {isa = PBXFileReference; lastKnownFileType = folder.assetcatalog; path = Images.xcassets; sourceTree = "<group>"; };
		36ECB8501A7A9E3700B33D23 /* Base */ = {isa = PBXFileReference; lastKnownFileType = file.xib; name = Base; path = Base.lproj/LaunchScreen.xib; sourceTree = "<group>"; };
		36ECB8561A7A9E3700B33D23 /* CalculatorTests.xctest */ = {isa = PBXFileReference; explicitFileType = wrapper.cfbundle; includeInIndex = 0; path = CalculatorTests.xctest; sourceTree = BUILT_PRODUCTS_DIR; };
		36ECB85B1A7A9E3700B33D23 /* Info.plist */ = {isa = PBXFileReference; lastKnownFileType = text.plist.xml; path = Info.plist; sourceTree = "<group>"; };
		36ECB85C1A7A9E3700B33D23 /* CalculatorTests.m */ = {isa = PBXFileReference; lastKnownFileType = sourcecode.c.objc; path = CalculatorTests.m; sourceTree = "<group>"; };
		36ECB8661A7AB84200B33D23 /* NSObject+CalculatorBrain.h */ = {isa = PBXFileReference; fileEncoding = 4; lastKnownFileType = sourcecode.c.h; path = "NSObject+CalculatorBrain.h"; sourceTree = "<group>"; };
		36ECB8671A7AB84200B33D23 /* NSObject+CalculatorBrain.m */ = {isa = PBXFileReference; fileEncoding = 4; lastKnownFileType = sourcecode.c.objc; path = "NSObject+CalculatorBrain.m"; sourceTree = "<group>"; };
/* End PBXFileReference section */

/* Begin PBXFrameworksBuildPhase section */
		36ECB83A1A7A9E3700B33D23 /* Frameworks */ = {
			isa = PBXFrameworksBuildPhase;
			buildActionMask = 2147483647;
			files = (
			);
			runOnlyForDeploymentPostprocessing = 0;
		};
		36ECB8531A7A9E3700B33D23 /* Frameworks */ = {
			isa = PBXFrameworksBuildPhase;
			buildActionMask = 2147483647;
			files = (
			);
			runOnlyForDeploymentPostprocessing = 0;
		};
/* End PBXFrameworksBuildPhase section */

/* Begin PBXGroup section */
		36ECB8341A7A9E3700B33D23 = {
			isa = PBXGroup;
			children = (
				36ECB83F1A7A9E3700B33D23 /* Calculator */,
				36ECB8591A7A9E3700B33D23 /* CalculatorTests */,
				36ECB83E1A7A9E3700B33D23 /* Products */,
			);
			sourceTree = "<group>";
		};
		36ECB83E1A7A9E3700B33D23 /* Products */ = {
			isa = PBXGroup;
			children = (
				36ECB83D1A7A9E3700B33D23 /* Calculator.app */,
				36ECB8561A7A9E3700B33D23 /* CalculatorTests.xctest */,
			);
			name = Products;
			sourceTree = "<group>";
		};
		36ECB83F1A7A9E3700B33D23 /* Calculator */ = {
			isa = PBXGroup;
			children = (
				36ECB8441A7A9E3700B33D23 /* AppDelegate.h */,
				36ECB8451A7A9E3700B33D23 /* AppDelegate.m */,
				36ECB8471A7A9E3700B33D23 /* ViewController.h */,
				36ECB8481A7A9E3700B33D23 /* ViewController.m */,
				36ECB84A1A7A9E3700B33D23 /* Main.storyboard */,
				36ECB8661A7AB84200B33D23 /* NSObject+CalculatorBrain.h */,
				36ECB8671A7AB84200B33D23 /* NSObject+CalculatorBrain.m */,
				36ECB84D1A7A9E3700B33D23 /* Images.xcassets */,
				36ECB84F1A7A9E3700B33D23 /* LaunchScreen.xib */,
				36ECB8401A7A9E3700B33D23 /* Supporting Files */,
			);
			path = Calculator;
			sourceTree = "<group>";
		};
		36ECB8401A7A9E3700B33D23 /* Supporting Files */ = {
			isa = PBXGroup;
			children = (
				36ECB8411A7A9E3700B33D23 /* Info.plist */,
				36ECB8421A7A9E3700B33D23 /* main.m */,
			);
			name = "Supporting Files";
			sourceTree = "<group>";
		};
		36ECB8591A7A9E3700B33D23 /* CalculatorTests */ = {
			isa = PBXGroup;
			children = (
				36ECB85C1A7A9E3700B33D23 /* CalculatorTests.m */,
				36ECB85A1A7A9E3700B33D23 /* Supporting Files */,
			);
			path = CalculatorTests;
			sourceTree = "<group>";
		};
		36ECB85A1A7A9E3700B33D23 /* Supporting Files */ = {
			isa = PBXGroup;
			children = (
				36ECB85B1A7A9E3700B33D23 /* Info.plist */,
			);
			name = "Supporting Files";
			sourceTree = "<group>";
		};
/* End PBXGroup section */

/* Begin PBXNativeTarget section */
		36ECB83C1A7A9E3700B33D23 /* Calculator */ = {
			isa = PBXNativeTarget;
			buildConfigurationList = 36ECB8601A7A9E3700B33D23 /* Build configuration list for PBXNativeTarget "Calculator" */;
			buildPhases = (
				36ECB8391A7A9E3700B33D23 /* Sources */,
				36ECB83A1A7A9E3700B33D23 /* Frameworks */,
				36ECB83B1A7A9E3700B33D23 /* Resources */,
			);
			buildRules = (
			);
			dependencies = (
			);
			name = Calculator;
			productName = Calculator;
			productReference = 36ECB83D1A7A9E3700B33D23 /* Calculator.app */;
			productType = "com.apple.product-type.application";
		};
		36ECB8551A7A9E3700B33D23 /* CalculatorTests */ = {
			isa = PBXNativeTarget;
			buildConfigurationList = 36ECB8631A7A9E3700B33D23 /* Build configuration list for PBXNativeTarget "CalculatorTests" */;
			buildPhases = (
				36ECB8521A7A9E3700B33D23 /* Sources */,
				36ECB8531A7A9E3700B33D23 /* Frameworks */,
				36ECB8541A7A9E3700B33D23 /* Resources */,
			);
			buildRules = (
			);
			dependencies = (
				36ECB8581A7A9E3700B33D23 /* PBXTargetDependency */,
			);
			name = CalculatorTests;
			productName = CalculatorTests;
			productReference = 36ECB8561A7A9E3700B33D23 /* CalculatorTests.xctest */;
			productType = "com.apple.product-type.bundle.unit-test";
		};
/* End PBXNativeTarget section */

/* Begin PBXProject section */
		36ECB8351A7A9E3700B33D23 /* Project object */ = {
			isa = PBXProject;
			attributes = {
				LastUpgradeCheck = 0610;
				ORGANIZATIONNAME = "Dam, Lily";
				TargetAttributes = {
					36ECB83C1A7A9E3700B33D23 = {
						CreatedOnToolsVersion = 6.1.1;
					};
					36ECB8551A7A9E3700B33D23 = {
						CreatedOnToolsVersion = 6.1.1;
						TestTargetID = 36ECB83C1A7A9E3700B33D23;
					};
				};
			};
			buildConfigurationList = 36ECB8381A7A9E3700B33D23 /* Build configuration list for PBXProject "Calculator" */;
			compatibilityVersion = "Xcode 3.2";
			developmentRegion = English;
			hasScannedForEncodings = 0;
			knownRegions = (
				en,
				Base,
			);
			mainGroup = 36ECB8341A7A9E3700B33D23;
			productRefGroup = 36ECB83E1A7A9E3700B33D23 /* Products */;
			projectDirPath = "";
			projectRoot = "";
			targets = (
				36ECB83C1A7A9E3700B33D23 /* Calculator */,
				36ECB8551A7A9E3700B33D23 /* CalculatorTests */,
			);
		};
/* End PBXProject section */

/* Begin PBXResourcesBuildPhase section */
		36ECB83B1A7A9E3700B33D23 /* Resources */ = {
			isa = PBXResourcesBuildPhase;
			buildActionMask = 2147483647;
			files = (
				36ECB84C1A7A9E3700B33D23 /* Main.storyboard in Resources */,
				36ECB8511A7A9E3700B33D23 /* LaunchScreen.xib in Resources */,
				36ECB84E1A7A9E3700B33D23 /* Images.xcassets in Resources */,
			);
			runOnlyForDeploymentPostprocessing = 0;
		};
		36ECB8541A7A9E3700B33D23 /* Resources */ = {
			isa = PBXResourcesBuildPhase;
			buildActionMask = 2147483647;
			files = (
			);
			runOnlyForDeploymentPostprocessing = 0;
		};
/* End PBXResourcesBuildPhase section */

/* Begin PBXSourcesBuildPhase section */
		36ECB8391A7A9E3700B33D23 /* Sources */ = {
			isa = PBXSourcesBuildPhase;
			buildActionMask = 2147483647;
			files = (
				36ECB8491A7A9E3700B33D23 /* ViewController.m in Sources */,
				36ECB8461A7A9E3700B33D23 /* AppDelegate.m in Sources */,
				36ECB8681A7AB84200B33D23 /* NSObject+CalculatorBrain.m in Sources */,
				36ECB8431A7A9E3700B33D23 /* main.m in Sources */,
			);
			runOnlyForDeploymentPostprocessing = 0;
		};
		36ECB8521A7A9E3700B33D23 /* Sources */ = {
			isa = PBXSourcesBuildPhase;
			buildActionMask = 2147483647;
			files = (
				36ECB85D1A7A9E3700B33D23 /* CalculatorTests.m in Sources */,
			);
			runOnlyForDeploymentPostprocessing = 0;
		};
/* End PBXSourcesBuildPhase section */

/* Begin PBXTargetDependency section */
		36ECB8581A7A9E3700B33D23 /* PBXTargetDependency */ = {
			isa = PBXTargetDependency;
			target = 36ECB83C1A7A9E3700B33D23 /* Calculator */;
			targetProxy = 36ECB8571A7A9E3700B33D23 /* PBXContainerItemProxy */;
		};
/* End PBXTargetDependency section */

/* Begin PBXVariantGroup section */
		36ECB84A1A7A9E3700B33D23 /* Main.storyboard */ = {
			isa = PBXVariantGroup;
			children = (
				36ECB84B1A7A9E3700B33D23 /* Base */,
			);
			name = Main.storyboard;
			sourceTree = "<group>";
		};
		36ECB84F1A7A9E3700B33D23 /* LaunchScreen.xib */ = {
			isa = PBXVariantGroup;
			children = (
				36ECB8501A7A9E3700B33D23 /* Base */,
			);
			name = LaunchScreen.xib;
			sourceTree = "<group>";
		};
/* End PBXVariantGroup section */

/* Begin XCBuildConfiguration section */
		36ECB85E1A7A9E3700B33D23 /* Debug */ = {
			isa = XCBuildConfiguration;
			buildSettings = {
				ALWAYS_SEARCH_USER_PATHS = NO;
				CLANG_CXX_LANGUAGE_STANDARD = "gnu++0x";
				CLANG_CXX_LIBRARY = "libc++";
				CLANG_ENABLE_MODULES = YES;
				CLANG_ENABLE_OBJC_ARC = YES;
				CLANG_WARN_BOOL_CONVERSION = YES;
				CLANG_WARN_CONSTANT_CONVERSION = YES;
				CLANG_WARN_DIRECT_OBJC_ISA_USAGE = YES_ERROR;
				CLANG_WARN_EMPTY_BODY = YES;
				CLANG_WARN_ENUM_CONVERSION = YES;
				CLANG_WARN_INT_CONVERSION = YES;
				CLANG_WARN_OBJC_ROOT_CLASS = YES_ERROR;
				CLANG_WARN_UNREACHABLE_CODE = YES;
				CLANG_WARN__DUPLICATE_METHOD_MATCH = YES;
				"CODE_SIGN_IDENTITY[sdk=iphoneos*]" = "iPhone Developer";
				COPY_PHASE_STRIP = NO;
				ENABLE_STRICT_OBJC_MSGSEND = YES;
				GCC_C_LANGUAGE_STANDARD = gnu99;
				GCC_DYNAMIC_NO_PIC = NO;
				GCC_OPTIMIZATION_LEVEL = 0;
				GCC_PREPROCESSOR_DEFINITIONS = (
					"DEBUG=1",
					"$(inherited)",
				);
				GCC_SYMBOLS_PRIVATE_EXTERN = NO;
				GCC_WARN_64_TO_32_BIT_CONVERSION = YES;
				GCC_WARN_ABOUT_RETURN_TYPE = YES_ERROR;
				GCC_WARN_UNDECLARED_SELECTOR = YES;
				GCC_WARN_UNINITIALIZED_AUTOS = YES_AGGRESSIVE;
				GCC_WARN_UNUSED_FUNCTION = YES;
				GCC_WARN_UNUSED_VARIABLE = YES;
				IPHONEOS_DEPLOYMENT_TARGET = 8.1;
				MTL_ENABLE_DEBUG_INFO = YES;
				ONLY_ACTIVE_ARCH = YES;
				SDKROOT = iphoneos;
			};
			name = Debug;
		};
		36ECB85F1A7A9E3700B33D23 /* Release */ = {
			isa = XCBuildConfiguration;
			buildSettings = {
				ALWAYS_SEARCH_USER_PATHS = NO;
				CLANG_CXX_LANGUAGE_STANDARD = "gnu++0x";
				CLANG_CXX_LIBRARY = "libc++";
				CLANG_ENABLE_MODULES = YES;
				CLANG_ENABLE_OBJC_ARC = YES;
				CLANG_WARN_BOOL_CONVERSION = YES;
				CLANG_WARN_CONSTANT_CONVERSION = YES;
				CLANG_WARN_DIRECT_OBJC_ISA_USAGE = YES_ERROR;
				CLANG_WARN_EMPTY_BODY = YES;
				CLANG_WARN_ENUM_CONVERSION = YES;
				CLANG_WARN_INT_CONVERSION = YES;
				CLANG_WARN_OBJC_ROOT_CLASS = YES_ERROR;
				CLANG_WARN_UNREACHABLE_CODE = YES;
				CLANG_WARN__DUPLICATE_METHOD_MATCH = YES;
				"CODE_SIGN_IDENTITY[sdk=iphoneos*]" = "iPhone Developer";
				COPY_PHASE_STRIP = YES;
				ENABLE_NS_ASSERTIONS = NO;
				ENABLE_STRICT_OBJC_MSGSEND = YES;
				GCC_C_LANGUAGE_STANDARD = gnu99;
				GCC_WARN_64_TO_32_BIT_CONVERSION = YES;
				GCC_WARN_ABOUT_RETURN_TYPE = YES_ERROR;
				GCC_WARN_UNDECLARED_SELECTOR = YES;
				GCC_WARN_UNINITIALIZED_AUTOS = YES_AGGRESSIVE;
				GCC_WARN_UNUSED_FUNCTION = YES;
				GCC_WARN_UNUSED_VARIABLE = YES;
				IPHONEOS_DEPLOYMENT_TARGET = 8.1;
				MTL_ENABLE_DEBUG_INFO = NO;
				SDKROOT = iphoneos;
				VALIDATE_PRODUCT = YES;
			};
			name = Release;
		};
		36ECB8611A7A9E3700B33D23 /* Debug */ = {
			isa = XCBuildConfiguration;
			buildSettings = {
				ASSETCATALOG_COMPILER_APPICON_NAME = AppIcon;
				INFOPLIST_FILE = Calculator/Info.plist;
				LD_RUNPATH_SEARCH_PATHS = "$(inherited) @executable_path/Frameworks";
				PRODUCT_NAME = "$(TARGET_NAME)";
			};
			name = Debug;
		};
		36ECB8621A7A9E3700B33D23 /* Release */ = {
			isa = XCBuildConfiguration;
			buildSettings = {
				ASSETCATALOG_COMPILER_APPICON_NAME = AppIcon;
				INFOPLIST_FILE = Calculator/Info.plist;
				LD_RUNPATH_SEARCH_PATHS = "$(inherited) @executable_path/Frameworks";
				PRODUCT_NAME = "$(TARGET_NAME)";
			};
			name = Release;
		};
		36ECB8641A7A9E3700B33D23 /* Debug */ = {
			isa = XCBuildConfiguration;
			buildSettings = {
				BUNDLE_LOADER = "$(TEST_HOST)";
				FRAMEWORK_SEARCH_PATHS = (
					"$(SDKROOT)/Developer/Library/Frameworks",
					"$(inherited)",
				);
				GCC_PREPROCESSOR_DEFINITIONS = (
					"DEBUG=1",
					"$(inherited)",
				);
				INFOPLIST_FILE = CalculatorTests/Info.plist;
				LD_RUNPATH_SEARCH_PATHS = "$(inherited) @executable_path/Frameworks @loader_path/Frameworks";
				PRODUCT_NAME = "$(TARGET_NAME)";
				TEST_HOST = "$(BUILT_PRODUCTS_DIR)/Calculator.app/Calculator";
			};
			name = Debug;
		};
		36ECB8651A7A9E3700B33D23 /* Release */ = {
			isa = XCBuildConfiguration;
			buildSettings = {
				BUNDLE_LOADER = "$(TEST_HOST)";
				FRAMEWORK_SEARCH_PATHS = (
					"$(SDKROOT)/Developer/Library/Frameworks",
					"$(inherited)",
				);
				INFOPLIST_FILE = CalculatorTests/Info.plist;
				LD_RUNPATH_SEARCH_PATHS = "$(inherited) @executable_path/Frameworks @loader_path/Frameworks";
				PRODUCT_NAME = "$(TARGET_NAME)";
				TEST_HOST = "$(BUILT_PRODUCTS_DIR)/Calculator.app/Calculator";
			};
			name = Release;
		};
/* End XCBuildConfiguration section */

/* Begin XCConfigurationList section */
		36ECB8381A7A9E3700B33D23 /* Build configuration list for PBXProject "Calculator" */ = {
			isa = XCConfigurationList;
			buildConfigurations = (
				36ECB85E1A7A9E3700B33D23 /* Debug */,
				36ECB85F1A7A9E3700B33D23 /* Release */,
			);
			defaultConfigurationIsVisible = 0;
			defaultConfigurationName = Release;
		};
		36ECB8601A7A9E3700B33D23 /* Build configuration list for PBXNativeTarget "Calculator" */ = {
			isa = XCConfigurationList;
			buildConfigurations = (
				36ECB8611A7A9E3700B33D23 /* Debug */,
				36ECB8621A7A9E3700B33D23 /* Release */,
			);
			defaultConfigurationIsVisible = 0;
		};
		36ECB8631A7A9E3700B33D23 /* Build configuration list for PBXNativeTarget "CalculatorTests" */ = {
			isa = XCConfigurationList;
			buildConfigurations = (
				36ECB8641A7A9E3700B33D23 /* Debug */,
				36ECB8651A7A9E3700B33D23 /* Release */,
			);
			defaultConfigurationIsVisible = 0;
		};
/* End XCConfigurationList section */
	};
	rootObject = 36ECB8351A7A9E3700B33D23 /* Project object */;
}
